{
  "requires": true,
  "lockfileVersion": 1,
  "dependencies": {
    "monaco-editor": {
      "version": "0.19.3",
      "resolved": "https://registry.npmjs.org/monaco-editor/-/monaco-editor-0.19.3.tgz",
      "integrity": "sha512-2n1vJBVQF2Hhi7+r1mMeYsmlf18hjVb6E0v5SoMZyb4aeOmYPKun+CE3gYpiNA1KEvtSdaDHFBqH9d7Wd9vREg=="
    }
  }
}
