{
  "requires": true,
  "lockfileVersion": 1,
  "dependencies": {
    "monaco-editor": {
      "version": "0.15.5",
      "resolved": "https://registry.npmjs.org/monaco-editor/-/monaco-editor-0.15.5.tgz",
      "integrity": "sha512-dp9CbvItTMSlT3h0fIRJRlkpD6VxyP3bNUBbELHDBDJ7EsR/JBpD2DiuqM2tpLEHWEKHwqes7jFklfrf5BxG6Q=="
    }
  }
}
