{
  "requires": true,
  "lockfileVersion": 1,
  "dependencies": {
    "monaco-editor": {
      "version": "0.13.1",
      "resolved": "https://registry.npmjs.org/monaco-editor/-/monaco-editor-0.13.1.tgz",
      "integrity": "sha512-0Kssg/O3cl1tXP0qAIxhrtMbRnzusFUEvFyt5/fpUbmuVeY3z+TnUx13+3kW16pgacFPXGUTEO/hOPlDeFU/dw=="
    }
  }
}
